{
  "requires": true,
  "lockfileVersion": 1,
  "dependencies": {
    "colors": {
      "version": "1.4.0",
      "resolved": "https://registry.npm.taobao.org/colors/download/colors-1.4.0.tgz",
      "integrity": "sha1-xQSRR51MG9rtLJztMs98fcI2D3g="
    },
    "solarlunar": {
      "version": "2.0.7",
      "resolved": "https://registry.npm.taobao.org/solarlunar/download/solarlunar-2.0.7.tgz",
      "integrity": "sha1-syPhVgKPpf/LRNKLZO96LjkMz/k="
    }
  }
}
